
Microsoft Visual Studio Solution File, Format Version 12.00
# Visual Studio Version 17
VisualStudioVersion = 17.11.35327.3
MinimumVisualStudioVersion = 10.0.40219.1
Project("{FAE04EC0-301F-11D3-BF4B-00C04F79EFBC}") = "Milda.B2C.Blazor", "Milda.B2C.Blazor\Milda.B2C.Blazor.csproj", "{00CC469C-C312-4DA9-BB22-9C554BA7F3AD}"
EndProject
Global
	GlobalSection(SolutionConfigurationPlatforms) = preSolution
		Debug|Any CPU = Debug|Any CPU
		Release|Any CPU = Release|Any CPU
	EndGlobalSection
	GlobalSection(ProjectConfigurationPlatforms) = postSolution
		{00CC469C-C312-4DA9-BB22-9C554BA7F3AD}.Debug|Any CPU.ActiveCfg = Debug|Any CPU
		{00CC469C-C312-4DA9-BB22-9C554BA7F3AD}.Debug|Any CPU.Build.0 = Debug|Any CPU
		{00CC469C-C312-4DA9-BB22-9C554BA7F3AD}.Release|Any CPU.ActiveCfg = Release|Any CPU
		{00CC469C-C312-4DA9-BB22-9C554BA7F3AD}.Release|Any CPU.Build.0 = Release|Any CPU
	EndGlobalSection
	GlobalSection(SolutionProperties) = preSolution
		HideSolutionNode = FALSE
	EndGlobalSection
	GlobalSection(ExtensibilityGlobals) = postSolution
		SolutionGuid = {788B8D4E-B557-4637-AFAB-893B2B8B1E1D}
	EndGlobalSection
EndGlobal
