
Microsoft Visual Studio Solution File, Format Version 12.00
# Visual Studio Version 17
VisualStudioVersion = 17.11.35327.3
MinimumVisualStudioVersion = 10.0.40219.1
Project("{FAE04EC0-301F-11D3-BF4B-00C04F79EFBC}") = "Milda.B2C.Blazor", "Milda.B2C.Blazor\Milda.B2C.Blazor.csproj", "{00CC469C-C312-4DA9-BB22-9C554BA7F3AD}"
EndProject
Project("{FAE04EC0-301F-11D3-BF4B-00C04F79EFBC}") = "Milda.B2C.Maui", "Milda.B2C.Maui\Milda.B2C.Maui.csproj", "{DE78A9FF-38B7-4EB1-AAF1-9965306CE429}"
EndProject
Project("{FAE04EC0-301F-11D3-BF4B-00C04F79EFBC}") = "Milda.B2C.Functions", "Milda.B2C.Functions\Milda.B2C.Functions.csproj", "{D9D57167-EDD6-4F66-A63D-DBCE261668AC}"
EndProject
Project("{FAE04EC0-301F-11D3-BF4B-00C04F79EFBC}") = "Milda.B2C.Api", "Milda.B2C.Api\Milda.B2C.Api.csproj", "{DB4A3EA5-17C0-4639-B066-3F7E32C4A68C}"
EndProject
Global
	GlobalSection(SolutionConfigurationPlatforms) = preSolution
		Debug|Any CPU = Debug|Any CPU
		Release|Any CPU = Release|Any CPU
	EndGlobalSection
	GlobalSection(ProjectConfigurationPlatforms) = postSolution
		{00CC469C-C312-4DA9-BB22-9C554BA7F3AD}.Debug|Any CPU.ActiveCfg = Debug|Any CPU
		{00CC469C-C312-4DA9-BB22-9C554BA7F3AD}.Debug|Any CPU.Build.0 = Debug|Any CPU
		{00CC469C-C312-4DA9-BB22-9C554BA7F3AD}.Release|Any CPU.ActiveCfg = Release|Any CPU
		{00CC469C-C312-4DA9-BB22-9C554BA7F3AD}.Release|Any CPU.Build.0 = Release|Any CPU
		{DE78A9FF-38B7-4EB1-AAF1-9965306CE429}.Debug|Any CPU.ActiveCfg = Debug|Any CPU
		{DE78A9FF-38B7-4EB1-AAF1-9965306CE429}.Debug|Any CPU.Build.0 = Debug|Any CPU
		{DE78A9FF-38B7-4EB1-AAF1-9965306CE429}.Debug|Any CPU.Deploy.0 = Debug|Any CPU
		{DE78A9FF-38B7-4EB1-AAF1-9965306CE429}.Release|Any CPU.ActiveCfg = Release|Any CPU
		{DE78A9FF-38B7-4EB1-AAF1-9965306CE429}.Release|Any CPU.Build.0 = Release|Any CPU
		{D9D57167-EDD6-4F66-A63D-DBCE261668AC}.Debug|Any CPU.ActiveCfg = Debug|Any CPU
		{D9D57167-EDD6-4F66-A63D-DBCE261668AC}.Debug|Any CPU.Build.0 = Debug|Any CPU
		{D9D57167-EDD6-4F66-A63D-DBCE261668AC}.Release|Any CPU.ActiveCfg = Release|Any CPU
		{D9D57167-EDD6-4F66-A63D-DBCE261668AC}.Release|Any CPU.Build.0 = Release|Any CPU
		{DB4A3EA5-17C0-4639-B066-3F7E32C4A68C}.Debug|Any CPU.ActiveCfg = Debug|Any CPU
		{DB4A3EA5-17C0-4639-B066-3F7E32C4A68C}.Debug|Any CPU.Build.0 = Debug|Any CPU
		{DB4A3EA5-17C0-4639-B066-3F7E32C4A68C}.Release|Any CPU.ActiveCfg = Release|Any CPU
		{DB4A3EA5-17C0-4639-B066-3F7E32C4A68C}.Release|Any CPU.Build.0 = Release|Any CPU
	EndGlobalSection
	GlobalSection(SolutionProperties) = preSolution
		HideSolutionNode = FALSE
	EndGlobalSection
	GlobalSection(ExtensibilityGlobals) = postSolution
		SolutionGuid = {788B8D4E-B557-4637-AFAB-893B2B8B1E1D}
	EndGlobalSection
EndGlobal
